
Microsoft Visual Studio Solution File, Format Version 12.00
# Visual Studio Version 17
VisualStudioVersion = 17.14.36327.8 d17.14
MinimumVisualStudioVersion = 10.0.40219.1
Project("{FAE04EC0-301F-11D3-BF4B-00C04F79EFBC}") = "WebPromotion", "WebPromotion\WebPromotion.csproj", "{F07A4882-1389-46BC-957A-90DE84061B08}"
EndProject
Global
	GlobalSection(SolutionConfigurationPlatforms) = preSolution
		Debug|Any CPU = Debug|Any CPU
		Release|Any CPU = Release|Any CPU
	EndGlobalSection
	GlobalSection(ProjectConfigurationPlatforms) = postSolution
		{F07A4882-1389-46BC-957A-90DE84061B08}.Debug|Any CPU.ActiveCfg = Debug|Any CPU
		{F07A4882-1389-46BC-957A-90DE84061B08}.Debug|Any CPU.Build.0 = Debug|Any CPU
		{F07A4882-1389-46BC-957A-90DE84061B08}.Release|Any CPU.ActiveCfg = Release|Any CPU
		{F07A4882-1389-46BC-957A-90DE84061B08}.Release|Any CPU.Build.0 = Release|Any CPU
	EndGlobalSection
	GlobalSection(SolutionProperties) = preSolution
		HideSolutionNode = FALSE
	EndGlobalSection
	GlobalSection(ExtensibilityGlobals) = postSolution
		SolutionGuid = {E7F15499-D68B-4634-80AE-3F0D5D0A3605}
	EndGlobalSection
EndGlobal
